{
  "name": "assistant - Copy",
  "lockfileVersion": 3,
  "requires": true,
  "packages": {
    "": {
      "dependencies": {
        "flag-icons": "^7.5.0",
        "lucide-react": "^0.562.0",
        "react-country-flag": "^3.1.0"
      }
    },
    "node_modules/flag-icons": {
      "version": "7.5.0",
      "resolved": "https://registry.npmjs.org/flag-icons/-/flag-icons-7.5.0.tgz",
      "integrity": "sha512-kd+MNXviFIg5hijH766tt+3x76ele1AXlo4zDdCxIvqWZhKt4T83bOtxUOOMlTx/EcFdUMH5yvQgYlFh1EqqFg==",
      "license": "MIT"
    },
    "node_modules/lucide-react": {
      "version": "0.562.0",
      "resolved": "https://registry.npmjs.org/lucide-react/-/lucide-react-0.562.0.tgz",
      "integrity": "sha512-82hOAu7y0dbVuFfmO4bYF1XEwYk/mEbM5E+b1jgci/udUBEE/R7LF5Ip0CCEmXe8AybRM8L+04eP+LGZeDvkiw==",
      "license": "ISC",
      "peerDependencies": {
        "react": "^16.5.1 || ^17.0.0 || ^18.0.0 || ^19.0.0"
      }
    },
    "node_modules/react": {
      "version": "19.2.3",
      "resolved": "https://registry.npmjs.org/react/-/react-19.2.3.tgz",
      "integrity": "sha512-Ku/hhYbVjOQnXDZFv2+RibmLFGwFdeeKHFcOTlrt7xplBnya5OGn/hIRDsqDiSUcfORsDC7MPxwork8jBwsIWA==",
      "license": "MIT",
      "peer": true,
      "engines": {
        "node": ">=0.10.0"
      }
    },
    "node_modules/react-country-flag": {
      "version": "3.1.0",
      "resolved": "https://registry.npmjs.org/react-country-flag/-/react-country-flag-3.1.0.tgz",
      "integrity": "sha512-JWQFw1efdv9sTC+TGQvTKXQg1NKbDU2mBiAiRWcKM9F1sK+/zjhP2yGmm8YDddWyZdXVkR8Md47rPMJmo4YO5g==",
      "license": "MIT",
      "engines": {
        "node": ">=12"
      },
      "peerDependencies": {
        "react": ">=16"
      }
    }
  }
}
